// !$*UTF8*$!
{
	archiveVersion = 1;
	classes = {
	};
	objectVersion = 46;
	objects = {

/* Begin PBXBuildFile section */
		3046E0AC1477C45B004F5FD2 /* RootViewController.m in Sources */ = {isa = PBXBuildFile; fileRef = 3046E0AA1477C45B004F5FD2 /* RootViewController.m */; };
		3046E0AD1477C45B004F5FD2 /* RootViewController.xib in Resources */ = {isa = PBXBuildFile; fileRef = 3046E0AB1477C45B004F5FD2 /* RootViewController.xib */; };
		3046E0B61477CE71004F5FD2 /* AddControlloController.m in Sources */ = {isa = PBXBuildFile; fileRef = 3046E0B41477CE71004F5FD2 /* AddControlloController.m */; };
		3046E0B71477CE71004F5FD2 /* AddControlloController.xib in Resources */ = {isa = PBXBuildFile; fileRef = 3046E0B51477CE71004F5FD2 /* AddControlloController.xib */; };
		3046E0BA1477E7DE004F5FD2 /* Control.m in Sources */ = {isa = PBXBuildFile; fileRef = 3046E0B91477E7DE004F5FD2 /* Control.m */; };
		306F34581477C243006170F9 /* UIKit.framework in Frameworks */ = {isa = PBXBuildFile; fileRef = 306F34571477C243006170F9 /* UIKit.framework */; };
		306F345A1477C243006170F9 /* Foundation.framework in Frameworks */ = {isa = PBXBuildFile; fileRef = 306F34591477C243006170F9 /* Foundation.framework */; };
		306F345C1477C243006170F9 /* CoreGraphics.framework in Frameworks */ = {isa = PBXBuildFile; fileRef = 306F345B1477C243006170F9 /* CoreGraphics.framework */; };
		306F345E1477C243006170F9 /* CoreData.framework in Frameworks */ = {isa = PBXBuildFile; fileRef = 306F345D1477C243006170F9 /* CoreData.framework */; };
		306F34641477C243006170F9 /* InfoPlist.strings in Resources */ = {isa = PBXBuildFile; fileRef = 306F34621477C243006170F9 /* InfoPlist.strings */; };
		306F34661477C243006170F9 /* main.m in Sources */ = {isa = PBXBuildFile; fileRef = 306F34651477C243006170F9 /* main.m */; };
		306F346A1477C243006170F9 /* AppDelegate.m in Sources */ = {isa = PBXBuildFile; fileRef = 306F34691477C243006170F9 /* AppDelegate.m */; };
		306F346D1477C243006170F9 /* iDomus.xcdatamodeld in Sources */ = {isa = PBXBuildFile; fileRef = 306F346B1477C243006170F9 /* iDomus.xcdatamodeld */; };
/* End PBXBuildFile section */

/* Begin PBXFileReference section */
		3046E0A91477C45B004F5FD2 /* RootViewController.h */ = {isa = PBXFileReference; fileEncoding = 4; lastKnownFileType = sourcecode.c.h; path = RootViewController.h; sourceTree = "<group>"; };
		3046E0AA1477C45B004F5FD2 /* RootViewController.m */ = {isa = PBXFileReference; fileEncoding = 4; lastKnownFileType = sourcecode.c.objc; path = RootViewController.m; sourceTree = "<group>"; };
		3046E0AB1477C45B004F5FD2 /* RootViewController.xib */ = {isa = PBXFileReference; fileEncoding = 4; lastKnownFileType = file.xib; path = RootViewController.xib; sourceTree = "<group>"; };
		3046E0B31477CE71004F5FD2 /* AddControlloController.h */ = {isa = PBXFileReference; fileEncoding = 4; lastKnownFileType = sourcecode.c.h; path = AddControlloController.h; sourceTree = "<group>"; };
		3046E0B41477CE71004F5FD2 /* AddControlloController.m */ = {isa = PBXFileReference; fileEncoding = 4; lastKnownFileType = sourcecode.c.objc; path = AddControlloController.m; sourceTree = "<group>"; };
		3046E0B51477CE71004F5FD2 /* AddControlloController.xib */ = {isa = PBXFileReference; fileEncoding = 4; lastKnownFileType = file.xib; path = AddControlloController.xib; sourceTree = "<group>"; };
		3046E0B81477E7DE004F5FD2 /* Control.h */ = {isa = PBXFileReference; fileEncoding = 4; lastKnownFileType = sourcecode.c.h; path = Control.h; sourceTree = "<group>"; };
		3046E0B91477E7DE004F5FD2 /* Control.m */ = {isa = PBXFileReference; fileEncoding = 4; lastKnownFileType = sourcecode.c.objc; path = Control.m; sourceTree = "<group>"; };
		306F34531477C243006170F9 /* iDomus.app */ = {isa = PBXFileReference; explicitFileType = wrapper.application; includeInIndex = 0; path = iDomus.app; sourceTree = BUILT_PRODUCTS_DIR; };
		306F34571477C243006170F9 /* UIKit.framework */ = {isa = PBXFileReference; lastKnownFileType = wrapper.framework; name = UIKit.framework; path = System/Library/Frameworks/UIKit.framework; sourceTree = SDKROOT; };
		306F34591477C243006170F9 /* Foundation.framework */ = {isa = PBXFileReference; lastKnownFileType = wrapper.framework; name = Foundation.framework; path = System/Library/Frameworks/Foundation.framework; sourceTree = SDKROOT; };
		306F345B1477C243006170F9 /* CoreGraphics.framework */ = {isa = PBXFileReference; lastKnownFileType = wrapper.framework; name = CoreGraphics.framework; path = System/Library/Frameworks/CoreGraphics.framework; sourceTree = SDKROOT; };
		306F345D1477C243006170F9 /* CoreData.framework */ = {isa = PBXFileReference; lastKnownFileType = wrapper.framework; name = CoreData.framework; path = System/Library/Frameworks/CoreData.framework; sourceTree = SDKROOT; };
		306F34611477C243006170F9 /* iDomus-Info.plist */ = {isa = PBXFileReference; lastKnownFileType = text.plist.xml; path = "iDomus-Info.plist"; sourceTree = "<group>"; };
		306F34631477C243006170F9 /* en */ = {isa = PBXFileReference; lastKnownFileType = text.plist.strings; name = en; path = en.lproj/InfoPlist.strings; sourceTree = "<group>"; };
		306F34651477C243006170F9 /* main.m */ = {isa = PBXFileReference; lastKnownFileType = sourcecode.c.objc; path = main.m; sourceTree = "<group>"; };
		306F34671477C243006170F9 /* iDomus-Prefix.pch */ = {isa = PBXFileReference; lastKnownFileType = sourcecode.c.h; path = "iDomus-Prefix.pch"; sourceTree = "<group>"; };
		306F34681477C243006170F9 /* AppDelegate.h */ = {isa = PBXFileReference; lastKnownFileType = sourcecode.c.h; path = AppDelegate.h; sourceTree = "<group>"; };
		306F34691477C243006170F9 /* AppDelegate.m */ = {isa = PBXFileReference; lastKnownFileType = sourcecode.c.objc; path = AppDelegate.m; sourceTree = "<group>"; };
		306F346C1477C243006170F9 /* iDomus.xcdatamodel */ = {isa = PBXFileReference; lastKnownFileType = wrapper.xcdatamodel; path = iDomus.xcdatamodel; sourceTree = "<group>"; };
/* End PBXFileReference section */

/* Begin PBXFrameworksBuildPhase section */
		306F34501477C243006170F9 /* Frameworks */ = {
			isa = PBXFrameworksBuildPhase;
			buildActionMask = 2147483647;
			files = (
				306F34581477C243006170F9 /* UIKit.framework in Frameworks */,
				306F345A1477C243006170F9 /* Foundation.framework in Frameworks */,
				306F345C1477C243006170F9 /* CoreGraphics.framework in Frameworks */,
				306F345E1477C243006170F9 /* CoreData.framework in Frameworks */,
			);
			runOnlyForDeploymentPostprocessing = 0;
		};
/* End PBXFrameworksBuildPhase section */

/* Begin PBXGroup section */
		306F34481477C243006170F9 = {
			isa = PBXGroup;
			children = (
				306F345F1477C243006170F9 /* iDomus */,
				306F34561477C243006170F9 /* Frameworks */,
				306F34541477C243006170F9 /* Products */,
			);
			sourceTree = "<group>";
		};
		306F34541477C243006170F9 /* Products */ = {
			isa = PBXGroup;
			children = (
				306F34531477C243006170F9 /* iDomus.app */,
			);
			name = Products;
			sourceTree = "<group>";
		};
		306F34561477C243006170F9 /* Frameworks */ = {
			isa = PBXGroup;
			children = (
				306F34571477C243006170F9 /* UIKit.framework */,
				306F34591477C243006170F9 /* Foundation.framework */,
				306F345B1477C243006170F9 /* CoreGraphics.framework */,
				306F345D1477C243006170F9 /* CoreData.framework */,
			);
			name = Frameworks;
			sourceTree = "<group>";
		};
		306F345F1477C243006170F9 /* iDomus */ = {
			isa = PBXGroup;
			children = (
				306F34681477C243006170F9 /* AppDelegate.h */,
				306F34691477C243006170F9 /* AppDelegate.m */,
				3046E0A91477C45B004F5FD2 /* RootViewController.h */,
				3046E0AA1477C45B004F5FD2 /* RootViewController.m */,
				3046E0AB1477C45B004F5FD2 /* RootViewController.xib */,
				3046E0B31477CE71004F5FD2 /* AddControlloController.h */,
				3046E0B41477CE71004F5FD2 /* AddControlloController.m */,
				3046E0B51477CE71004F5FD2 /* AddControlloController.xib */,
				306F346B1477C243006170F9 /* iDomus.xcdatamodeld */,
				3046E0B81477E7DE004F5FD2 /* Control.h */,
				3046E0B91477E7DE004F5FD2 /* Control.m */,
				306F34601477C243006170F9 /* Supporting Files */,
			);
			path = iDomus;
			sourceTree = "<group>";
		};
		306F34601477C243006170F9 /* Supporting Files */ = {
			isa = PBXGroup;
			children = (
				306F34611477C243006170F9 /* iDomus-Info.plist */,
				306F34621477C243006170F9 /* InfoPlist.strings */,
				306F34651477C243006170F9 /* main.m */,
				306F34671477C243006170F9 /* iDomus-Prefix.pch */,
			);
			name = "Supporting Files";
			sourceTree = "<group>";
		};
/* End PBXGroup section */

/* Begin PBXNativeTarget section */
		306F34521477C243006170F9 /* iDomus */ = {
			isa = PBXNativeTarget;
			buildConfigurationList = 306F34701477C243006170F9 /* Build configuration list for PBXNativeTarget "iDomus" */;
			buildPhases = (
				306F344F1477C243006170F9 /* Sources */,
				306F34501477C243006170F9 /* Frameworks */,
				306F34511477C243006170F9 /* Resources */,
			);
			buildRules = (
			);
			dependencies = (
			);
			name = iDomus;
			productName = iDomus;
			productReference = 306F34531477C243006170F9 /* iDomus.app */;
			productType = "com.apple.product-type.application";
		};
/* End PBXNativeTarget section */

/* Begin PBXProject section */
		306F344A1477C243006170F9 /* Project object */ = {
			isa = PBXProject;
			attributes = {
				LastUpgradeCheck = 0420;
			};
			buildConfigurationList = 306F344D1477C243006170F9 /* Build configuration list for PBXProject "iDomus" */;
			compatibilityVersion = "Xcode 3.2";
			developmentRegion = English;
			hasScannedForEncodings = 0;
			knownRegions = (
				en,
			);
			mainGroup = 306F34481477C243006170F9;
			productRefGroup = 306F34541477C243006170F9 /* Products */;
			projectDirPath = "";
			projectRoot = "";
			targets = (
				306F34521477C243006170F9 /* iDomus */,
			);
		};
/* End PBXProject section */

/* Begin PBXResourcesBuildPhase section */
		306F34511477C243006170F9 /* Resources */ = {
			isa = PBXResourcesBuildPhase;
			buildActionMask = 2147483647;
			files = (
				306F34641477C243006170F9 /* InfoPlist.strings in Resources */,
				3046E0AD1477C45B004F5FD2 /* RootViewController.xib in Resources */,
				3046E0B71477CE71004F5FD2 /* AddControlloController.xib in Resources */,
			);
			runOnlyForDeploymentPostprocessing = 0;
		};
/* End PBXResourcesBuildPhase section */

/* Begin PBXSourcesBuildPhase section */
		306F344F1477C243006170F9 /* Sources */ = {
			isa = PBXSourcesBuildPhase;
			buildActionMask = 2147483647;
			files = (
				306F34661477C243006170F9 /* main.m in Sources */,
				306F346A1477C243006170F9 /* AppDelegate.m in Sources */,
				306F346D1477C243006170F9 /* iDomus.xcdatamodeld in Sources */,
				3046E0AC1477C45B004F5FD2 /* RootViewController.m in Sources */,
				3046E0B61477CE71004F5FD2 /* AddControlloController.m in Sources */,
				3046E0BA1477E7DE004F5FD2 /* Control.m in Sources */,
			);
			runOnlyForDeploymentPostprocessing = 0;
		};
/* End PBXSourcesBuildPhase section */

/* Begin PBXVariantGroup section */
		306F34621477C243006170F9 /* InfoPlist.strings */ = {
			isa = PBXVariantGroup;
			children = (
				306F34631477C243006170F9 /* en */,
			);
			name = InfoPlist.strings;
			sourceTree = "<group>";
		};
/* End PBXVariantGroup section */

/* Begin XCBuildConfiguration section */
		306F346E1477C243006170F9 /* Debug */ = {
			isa = XCBuildConfiguration;
			buildSettings = {
				ALWAYS_SEARCH_USER_PATHS = NO;
				ARCHS = "$(ARCHS_STANDARD_32_BIT)";
				"CODE_SIGN_IDENTITY[sdk=iphoneos*]" = "iPhone Developer";
				COPY_PHASE_STRIP = NO;
				GCC_C_LANGUAGE_STANDARD = gnu99;
				GCC_DYNAMIC_NO_PIC = NO;
				GCC_OPTIMIZATION_LEVEL = 0;
				GCC_PREPROCESSOR_DEFINITIONS = (
					"DEBUG=1",
					"$(inherited)",
				);
				GCC_SYMBOLS_PRIVATE_EXTERN = NO;
				GCC_VERSION = com.apple.compilers.llvm.clang.1_0;
				GCC_WARN_ABOUT_MISSING_PROTOTYPES = YES;
				GCC_WARN_ABOUT_RETURN_TYPE = YES;
				GCC_WARN_UNUSED_VARIABLE = YES;
				IPHONEOS_DEPLOYMENT_TARGET = 5.0;
				SDKROOT = iphoneos;
			};
			name = Debug;
		};
		306F346F1477C243006170F9 /* Release */ = {
			isa = XCBuildConfiguration;
			buildSettings = {
				ALWAYS_SEARCH_USER_PATHS = NO;
				ARCHS = "$(ARCHS_STANDARD_32_BIT)";
				"CODE_SIGN_IDENTITY[sdk=iphoneos*]" = "iPhone Developer";
				COPY_PHASE_STRIP = YES;
				GCC_C_LANGUAGE_STANDARD = gnu99;
				GCC_VERSION = com.apple.compilers.llvm.clang.1_0;
				GCC_WARN_ABOUT_MISSING_PROTOTYPES = YES;
				GCC_WARN_ABOUT_RETURN_TYPE = YES;
				GCC_WARN_UNUSED_VARIABLE = YES;
				IPHONEOS_DEPLOYMENT_TARGET = 5.0;
				OTHER_CFLAGS = "-DNS_BLOCK_ASSERTIONS=1";
				SDKROOT = iphoneos;
				VALIDATE_PRODUCT = YES;
			};
			name = Release;
		};
		306F34711477C243006170F9 /* Debug */ = {
			isa = XCBuildConfiguration;
			buildSettings = {
				GCC_PRECOMPILE_PREFIX_HEADER = YES;
				GCC_PREFIX_HEADER = "iDomus/iDomus-Prefix.pch";
				INFOPLIST_FILE = "iDomus/iDomus-Info.plist";
				PRODUCT_NAME = "$(TARGET_NAME)";
				WRAPPER_EXTENSION = app;
			};
			name = Debug;
		};
		306F34721477C243006170F9 /* Release */ = {
			isa = XCBuildConfiguration;
			buildSettings = {
				GCC_PRECOMPILE_PREFIX_HEADER = YES;
				GCC_PREFIX_HEADER = "iDomus/iDomus-Prefix.pch";
				INFOPLIST_FILE = "iDomus/iDomus-Info.plist";
				PRODUCT_NAME = "$(TARGET_NAME)";
				WRAPPER_EXTENSION = app;
			};
			name = Release;
		};
/* End XCBuildConfiguration section */

/* Begin XCConfigurationList section */
		306F344D1477C243006170F9 /* Build configuration list for PBXProject "iDomus" */ = {
			isa = XCConfigurationList;
			buildConfigurations = (
				306F346E1477C243006170F9 /* Debug */,
				306F346F1477C243006170F9 /* Release */,
			);
			defaultConfigurationIsVisible = 0;
			defaultConfigurationName = Release;
		};
		306F34701477C243006170F9 /* Build configuration list for PBXNativeTarget "iDomus" */ = {
			isa = XCConfigurationList;
			buildConfigurations = (
				306F34711477C243006170F9 /* Debug */,
				306F34721477C243006170F9 /* Release */,
			);
			defaultConfigurationIsVisible = 0;
			defaultConfigurationName = Release;
		};
/* End XCConfigurationList section */

/* Begin XCVersionGroup section */
		306F346B1477C243006170F9 /* iDomus.xcdatamodeld */ = {
			isa = XCVersionGroup;
			children = (
				306F346C1477C243006170F9 /* iDomus.xcdatamodel */,
			);
			currentVersion = 306F346C1477C243006170F9 /* iDomus.xcdatamodel */;
			path = iDomus.xcdatamodeld;
			sourceTree = "<group>";
			versionGroupType = wrapper.xcdatamodel;
		};
/* End XCVersionGroup section */
	};
	rootObject = 306F344A1477C243006170F9 /* Project object */;
}
